
Microsoft Visual Studio Solution File, Format Version 11.00
# Visual Studio 2010
Project("{FAE04EC0-301F-11D3-BF4B-00C04F79EFBC}") = "FizzBuzz", "FizzBuzz\FizzBuzz.csproj", "{B47FD646-4CD7-4B49-865D-08DC98FA41EF}"
EndProject
Project("{FAE04EC0-301F-11D3-BF4B-00C04F79EFBC}") = "FizzBuzzTests", "FizzBuzzTests\FizzBuzzTests.csproj", "{33A72EEB-3A1B-4CB1-84AF-37250A6B7BB5}"
EndProject
Project("{2150E333-8FDC-42A3-9474-1A3956D46DE8}") = "Solution Items", "Solution Items", "{C1A73C9C-868C-4AF6-A6DD-5B66303F5BF6}"
	ProjectSection(SolutionItems) = preProject
		FizzBuzz.vsmdi = FizzBuzz.vsmdi
		Local.testsettings = Local.testsettings
		TraceAndTestImpact.testsettings = TraceAndTestImpact.testsettings
	EndProjectSection
EndProject
Global
	GlobalSection(TestCaseManagementSettings) = postSolution
		CategoryFile = FizzBuzz.vsmdi
	EndGlobalSection
	GlobalSection(SolutionConfigurationPlatforms) = preSolution
		Debug|Any CPU = Debug|Any CPU
		Debug|Mixed Platforms = Debug|Mixed Platforms
		Debug|x86 = Debug|x86
		Release|Any CPU = Release|Any CPU
		Release|Mixed Platforms = Release|Mixed Platforms
		Release|x86 = Release|x86
	EndGlobalSection
	GlobalSection(ProjectConfigurationPlatforms) = postSolution
		{B47FD646-4CD7-4B49-865D-08DC98FA41EF}.Debug|Any CPU.ActiveCfg = Debug|x86
		{B47FD646-4CD7-4B49-865D-08DC98FA41EF}.Debug|Mixed Platforms.ActiveCfg = Debug|x86
		{B47FD646-4CD7-4B49-865D-08DC98FA41EF}.Debug|Mixed Platforms.Build.0 = Debug|x86
		{B47FD646-4CD7-4B49-865D-08DC98FA41EF}.Debug|x86.ActiveCfg = Debug|x86
		{B47FD646-4CD7-4B49-865D-08DC98FA41EF}.Debug|x86.Build.0 = Debug|x86
		{B47FD646-4CD7-4B49-865D-08DC98FA41EF}.Release|Any CPU.ActiveCfg = Release|x86
		{B47FD646-4CD7-4B49-865D-08DC98FA41EF}.Release|Mixed Platforms.ActiveCfg = Release|x86
		{B47FD646-4CD7-4B49-865D-08DC98FA41EF}.Release|Mixed Platforms.Build.0 = Release|x86
		{B47FD646-4CD7-4B49-865D-08DC98FA41EF}.Release|x86.ActiveCfg = Release|x86
		{B47FD646-4CD7-4B49-865D-08DC98FA41EF}.Release|x86.Build.0 = Release|x86
		{33A72EEB-3A1B-4CB1-84AF-37250A6B7BB5}.Debug|Any CPU.ActiveCfg = Debug|Any CPU
		{33A72EEB-3A1B-4CB1-84AF-37250A6B7BB5}.Debug|Any CPU.Build.0 = Debug|Any CPU
		{33A72EEB-3A1B-4CB1-84AF-37250A6B7BB5}.Debug|Mixed Platforms.ActiveCfg = Debug|Any CPU
		{33A72EEB-3A1B-4CB1-84AF-37250A6B7BB5}.Debug|Mixed Platforms.Build.0 = Debug|Any CPU
		{33A72EEB-3A1B-4CB1-84AF-37250A6B7BB5}.Debug|x86.ActiveCfg = Debug|Any CPU
		{33A72EEB-3A1B-4CB1-84AF-37250A6B7BB5}.Release|Any CPU.ActiveCfg = Release|Any CPU
		{33A72EEB-3A1B-4CB1-84AF-37250A6B7BB5}.Release|Any CPU.Build.0 = Release|Any CPU
		{33A72EEB-3A1B-4CB1-84AF-37250A6B7BB5}.Release|Mixed Platforms.ActiveCfg = Release|Any CPU
		{33A72EEB-3A1B-4CB1-84AF-37250A6B7BB5}.Release|Mixed Platforms.Build.0 = Release|Any CPU
		{33A72EEB-3A1B-4CB1-84AF-37250A6B7BB5}.Release|x86.ActiveCfg = Release|Any CPU
	EndGlobalSection
	GlobalSection(SolutionProperties) = preSolution
		HideSolutionNode = FALSE
	EndGlobalSection
EndGlobal
